
Microsoft Visual Studio Solution File, Format Version 12.00
# Visual Studio Version 17
VisualStudioVersion = 17.5.002.0
MinimumVisualStudioVersion = 10.0.40219.1
Project("{9A19103F-16F7-4668-BE54-9A1E7A4F7556}") = "FinancialTracker.Api", "FinancialTracker.Api.csproj", "{C841A7C9-C2D9-4E33-BCD3-3F0E65E10730}"
EndProject
Global
	GlobalSection(SolutionConfigurationPlatforms) = preSolution
		Debug|Any CPU = Debug|Any CPU
		Release|Any CPU = Release|Any CPU
	EndGlobalSection
	GlobalSection(ProjectConfigurationPlatforms) = postSolution
		{C841A7C9-C2D9-4E33-BCD3-3F0E65E10730}.Debug|Any CPU.ActiveCfg = Debug|Any CPU
		{C841A7C9-C2D9-4E33-BCD3-3F0E65E10730}.Debug|Any CPU.Build.0 = Debug|Any CPU
		{C841A7C9-C2D9-4E33-BCD3-3F0E65E10730}.Release|Any CPU.ActiveCfg = Release|Any CPU
		{C841A7C9-C2D9-4E33-BCD3-3F0E65E10730}.Release|Any CPU.Build.0 = Release|Any CPU
	EndGlobalSection
	GlobalSection(SolutionProperties) = preSolution
		HideSolutionNode = FALSE
	EndGlobalSection
	GlobalSection(ExtensibilityGlobals) = postSolution
		SolutionGuid = {AAB219D4-B80A-4170-B676-790D88B243E4}
	EndGlobalSection
EndGlobal
