
Microsoft Visual Studio Solution File, Format Version 12.00
# Visual Studio Version 17
VisualStudioVersion = 17.5.001.0
MinimumVisualStudioVersion = 10.0.40219.1
Project("{9A19103F-16F7-4668-BE54-9A1E7A4F7556}") = "FinancialTracker.Api", "FinancialTracker.Api.csproj", "{06C0D893-BB91-494E-9119-C1B10A2943C6}"
EndProject
Global
	GlobalSection(SolutionConfigurationPlatforms) = preSolution
		Debug|Any CPU = Debug|Any CPU
		Release|Any CPU = Release|Any CPU
	EndGlobalSection
	GlobalSection(ProjectConfigurationPlatforms) = postSolution
		{06C0D893-BB91-494E-9119-C1B10A2943C6}.Debug|Any CPU.ActiveCfg = Debug|Any CPU
		{06C0D893-BB91-494E-9119-C1B10A2943C6}.Debug|Any CPU.Build.0 = Debug|Any CPU
		{06C0D893-BB91-494E-9119-C1B10A2943C6}.Release|Any CPU.ActiveCfg = Release|Any CPU
		{06C0D893-BB91-494E-9119-C1B10A2943C6}.Release|Any CPU.Build.0 = Release|Any CPU
	EndGlobalSection
	GlobalSection(SolutionProperties) = preSolution
		HideSolutionNode = FALSE
	EndGlobalSection
	GlobalSection(ExtensibilityGlobals) = postSolution
		SolutionGuid = {8B14A3EB-6F36-47E8-AF70-F59BE0C31766}
	EndGlobalSection
EndGlobal
